
Microsoft Visual Studio Solution File, Format Version 12.00
# Visual Studio Version 17
VisualStudioVersion = 17.0.31903.59
MinimumVisualStudioVersion = 10.0.40219.1
Project("{2150E333-8FDC-42A3-9474-1A3956D46DE8}") = "src", "src", "{827E0CD3-B72D-47B6-A68D-7590B98EB39B}"
EndProject
Project("{FAE04EC0-301F-11D3-BF4B-00C04F79EFBC}") = "XivLinker.App", "src\XivLinker.App\XivLinker.App.csproj", "{59118D6E-B978-4872-BDA2-0E9FA9F90EFE}"
EndProject
Project("{FAE04EC0-301F-11D3-BF4B-00C04F79EFBC}") = "XivLinker.Application", "src\XivLinker.Application\XivLinker.Application.csproj", "{FD7966D1-5157-4C3B-ADC2-E48E4E60B720}"
EndProject
Project("{FAE04EC0-301F-11D3-BF4B-00C04F79EFBC}") = "XivLinker.Domain", "src\XivLinker.Domain\XivLinker.Domain.csproj", "{651079C2-2CB0-4298-85B3-0211B6915E3C}"
EndProject
Project("{FAE04EC0-301F-11D3-BF4B-00C04F79EFBC}") = "XivLinker.Infrastructure.CharacterConfig", "src\XivLinker.Infrastructure.CharacterConfig\XivLinker.Infrastructure.CharacterConfig.csproj", "{8610B93B-5EAE-484E-8165-E2D796BC3666}"
EndProject
Project("{FAE04EC0-301F-11D3-BF4B-00C04F79EFBC}") = "XivLinker.Infrastructure.Logs", "src\XivLinker.Infrastructure.Logs\XivLinker.Infrastructure.Logs.csproj", "{3DBDECD2-FA2F-4EF8-80CB-B41BA4C1125C}"
EndProject
Project("{FAE04EC0-301F-11D3-BF4B-00C04F79EFBC}") = "XivLinker.Infrastructure.Lumina", "src\XivLinker.Infrastructure.Lumina\XivLinker.Infrastructure.Lumina.csproj", "{A88DA771-3565-4709-ABB4-7DE190E6E1F6}"
EndProject
Project("{FAE04EC0-301F-11D3-BF4B-00C04F79EFBC}") = "XivLinker.Infrastructure.Overlay", "src\XivLinker.Infrastructure.Overlay\XivLinker.Infrastructure.Overlay.csproj", "{E6D0BD85-5CE4-45AF-8B45-94BDADC93DB3}"
EndProject
Project("{2150E333-8FDC-42A3-9474-1A3956D46DE8}") = "tests", "tests", "{0AB3BF05-4346-4AA6-1389-037BE0695223}"
EndProject
Project("{FAE04EC0-301F-11D3-BF4B-00C04F79EFBC}") = "XivLinker.Tests", "tests\XivLinker.Tests\XivLinker.Tests.csproj", "{2C689E61-E83B-411B-B174-EDB3461DDAD2}"
EndProject
Global
	GlobalSection(SolutionConfigurationPlatforms) = preSolution
		Debug|Any CPU = Debug|Any CPU
		Debug|x64 = Debug|x64
		Debug|x86 = Debug|x86
		Release|Any CPU = Release|Any CPU
		Release|x64 = Release|x64
		Release|x86 = Release|x86
	EndGlobalSection
	GlobalSection(ProjectConfigurationPlatforms) = postSolution
		{59118D6E-B978-4872-BDA2-0E9FA9F90EFE}.Debug|Any CPU.ActiveCfg = Debug|Any CPU
		{59118D6E-B978-4872-BDA2-0E9FA9F90EFE}.Debug|Any CPU.Build.0 = Debug|Any CPU
		{59118D6E-B978-4872-BDA2-0E9FA9F90EFE}.Debug|x64.ActiveCfg = Debug|Any CPU
		{59118D6E-B978-4872-BDA2-0E9FA9F90EFE}.Debug|x64.Build.0 = Debug|Any CPU
		{59118D6E-B978-4872-BDA2-0E9FA9F90EFE}.Debug|x86.ActiveCfg = Debug|Any CPU
		{59118D6E-B978-4872-BDA2-0E9FA9F90EFE}.Debug|x86.Build.0 = Debug|Any CPU
		{59118D6E-B978-4872-BDA2-0E9FA9F90EFE}.Release|Any CPU.ActiveCfg = Release|Any CPU
		{59118D6E-B978-4872-BDA2-0E9FA9F90EFE}.Release|Any CPU.Build.0 = Release|Any CPU
		{59118D6E-B978-4872-BDA2-0E9FA9F90EFE}.Release|x64.ActiveCfg = Release|Any CPU
		{59118D6E-B978-4872-BDA2-0E9FA9F90EFE}.Release|x64.Build.0 = Release|Any CPU
		{59118D6E-B978-4872-BDA2-0E9FA9F90EFE}.Release|x86.ActiveCfg = Release|Any CPU
		{59118D6E-B978-4872-BDA2-0E9FA9F90EFE}.Release|x86.Build.0 = Release|Any CPU
		{FD7966D1-5157-4C3B-ADC2-E48E4E60B720}.Debug|Any CPU.ActiveCfg = Debug|Any CPU
		{FD7966D1-5157-4C3B-ADC2-E48E4E60B720}.Debug|Any CPU.Build.0 = Debug|Any CPU
		{FD7966D1-5157-4C3B-ADC2-E48E4E60B720}.Debug|x64.ActiveCfg = Debug|Any CPU
		{FD7966D1-5157-4C3B-ADC2-E48E4E60B720}.Debug|x64.Build.0 = Debug|Any CPU
		{FD7966D1-5157-4C3B-ADC2-E48E4E60B720}.Debug|x86.ActiveCfg = Debug|Any CPU
		{FD7966D1-5157-4C3B-ADC2-E48E4E60B720}.Debug|x86.Build.0 = Debug|Any CPU
		{FD7966D1-5157-4C3B-ADC2-E48E4E60B720}.Release|Any CPU.ActiveCfg = Release|Any CPU
		{FD7966D1-5157-4C3B-ADC2-E48E4E60B720}.Release|Any CPU.Build.0 = Release|Any CPU
		{FD7966D1-5157-4C3B-ADC2-E48E4E60B720}.Release|x64.ActiveCfg = Release|Any CPU
		{FD7966D1-5157-4C3B-ADC2-E48E4E60B720}.Release|x64.Build.0 = Release|Any CPU
		{FD7966D1-5157-4C3B-ADC2-E48E4E60B720}.Release|x86.ActiveCfg = Release|Any CPU
		{FD7966D1-5157-4C3B-ADC2-E48E4E60B720}.Release|x86.Build.0 = Release|Any CPU
		{651079C2-2CB0-4298-85B3-0211B6915E3C}.Debug|Any CPU.ActiveCfg = Debug|Any CPU
		{651079C2-2CB0-4298-85B3-0211B6915E3C}.Debug|Any CPU.Build.0 = Debug|Any CPU
		{651079C2-2CB0-4298-85B3-0211B6915E3C}.Debug|x64.ActiveCfg = Debug|Any CPU
		{651079C2-2CB0-4298-85B3-0211B6915E3C}.Debug|x64.Build.0 = Debug|Any CPU
		{651079C2-2CB0-4298-85B3-0211B6915E3C}.Debug|x86.ActiveCfg = Debug|Any CPU
		{651079C2-2CB0-4298-85B3-0211B6915E3C}.Debug|x86.Build.0 = Debug|Any CPU
		{651079C2-2CB0-4298-85B3-0211B6915E3C}.Release|Any CPU.ActiveCfg = Release|Any CPU
		{651079C2-2CB0-4298-85B3-0211B6915E3C}.Release|Any CPU.Build.0 = Release|Any CPU
		{651079C2-2CB0-4298-85B3-0211B6915E3C}.Release|x64.ActiveCfg = Release|Any CPU
		{651079C2-2CB0-4298-85B3-0211B6915E3C}.Release|x64.Build.0 = Release|Any CPU
		{651079C2-2CB0-4298-85B3-0211B6915E3C}.Release|x86.ActiveCfg = Release|Any CPU
		{651079C2-2CB0-4298-85B3-0211B6915E3C}.Release|x86.Build.0 = Release|Any CPU
		{8610B93B-5EAE-484E-8165-E2D796BC3666}.Debug|Any CPU.ActiveCfg = Debug|Any CPU
		{8610B93B-5EAE-484E-8165-E2D796BC3666}.Debug|Any CPU.Build.0 = Debug|Any CPU
		{8610B93B-5EAE-484E-8165-E2D796BC3666}.Debug|x64.ActiveCfg = Debug|Any CPU
		{8610B93B-5EAE-484E-8165-E2D796BC3666}.Debug|x64.Build.0 = Debug|Any CPU
		{8610B93B-5EAE-484E-8165-E2D796BC3666}.Debug|x86.ActiveCfg = Debug|Any CPU
		{8610B93B-5EAE-484E-8165-E2D796BC3666}.Debug|x86.Build.0 = Debug|Any CPU
		{8610B93B-5EAE-484E-8165-E2D796BC3666}.Release|Any CPU.ActiveCfg = Release|Any CPU
		{8610B93B-5EAE-484E-8165-E2D796BC3666}.Release|Any CPU.Build.0 = Release|Any CPU
		{8610B93B-5EAE-484E-8165-E2D796BC3666}.Release|x64.ActiveCfg = Release|Any CPU
		{8610B93B-5EAE-484E-8165-E2D796BC3666}.Release|x64.Build.0 = Release|Any CPU
		{8610B93B-5EAE-484E-8165-E2D796BC3666}.Release|x86.ActiveCfg = Release|Any CPU
		{8610B93B-5EAE-484E-8165-E2D796BC3666}.Release|x86.Build.0 = Release|Any CPU
		{3DBDECD2-FA2F-4EF8-80CB-B41BA4C1125C}.Debug|Any CPU.ActiveCfg = Debug|Any CPU
		{3DBDECD2-FA2F-4EF8-80CB-B41BA4C1125C}.Debug|Any CPU.Build.0 = Debug|Any CPU
		{3DBDECD2-FA2F-4EF8-80CB-B41BA4C1125C}.Debug|x64.ActiveCfg = Debug|Any CPU
		{3DBDECD2-FA2F-4EF8-80CB-B41BA4C1125C}.Debug|x64.Build.0 = Debug|Any CPU
		{3DBDECD2-FA2F-4EF8-80CB-B41BA4C1125C}.Debug|x86.ActiveCfg = Debug|Any CPU
		{3DBDECD2-FA2F-4EF8-80CB-B41BA4C1125C}.Debug|x86.Build.0 = Debug|Any CPU
		{3DBDECD2-FA2F-4EF8-80CB-B41BA4C1125C}.Release|Any CPU.ActiveCfg = Release|Any CPU
		{3DBDECD2-FA2F-4EF8-80CB-B41BA4C1125C}.Release|Any CPU.Build.0 = Release|Any CPU
		{3DBDECD2-FA2F-4EF8-80CB-B41BA4C1125C}.Release|x64.ActiveCfg = Release|Any CPU
		{3DBDECD2-FA2F-4EF8-80CB-B41BA4C1125C}.Release|x64.Build.0 = Release|Any CPU
		{3DBDECD2-FA2F-4EF8-80CB-B41BA4C1125C}.Release|x86.ActiveCfg = Release|Any CPU
		{3DBDECD2-FA2F-4EF8-80CB-B41BA4C1125C}.Release|x86.Build.0 = Release|Any CPU
		{A88DA771-3565-4709-ABB4-7DE190E6E1F6}.Debug|Any CPU.ActiveCfg = Debug|Any CPU
		{A88DA771-3565-4709-ABB4-7DE190E6E1F6}.Debug|Any CPU.Build.0 = Debug|Any CPU
		{A88DA771-3565-4709-ABB4-7DE190E6E1F6}.Debug|x64.ActiveCfg = Debug|Any CPU
		{A88DA771-3565-4709-ABB4-7DE190E6E1F6}.Debug|x64.Build.0 = Debug|Any CPU
		{A88DA771-3565-4709-ABB4-7DE190E6E1F6}.Debug|x86.ActiveCfg = Debug|Any CPU
		{A88DA771-3565-4709-ABB4-7DE190E6E1F6}.Debug|x86.Build.0 = Debug|Any CPU
		{A88DA771-3565-4709-ABB4-7DE190E6E1F6}.Release|Any CPU.ActiveCfg = Release|Any CPU
		{A88DA771-3565-4709-ABB4-7DE190E6E1F6}.Release|Any CPU.Build.0 = Release|Any CPU
		{A88DA771-3565-4709-ABB4-7DE190E6E1F6}.Release|x64.ActiveCfg = Release|Any CPU
		{A88DA771-3565-4709-ABB4-7DE190E6E1F6}.Release|x64.Build.0 = Release|Any CPU
		{A88DA771-3565-4709-ABB4-7DE190E6E1F6}.Release|x86.ActiveCfg = Release|Any CPU
		{A88DA771-3565-4709-ABB4-7DE190E6E1F6}.Release|x86.Build.0 = Release|Any CPU
		{E6D0BD85-5CE4-45AF-8B45-94BDADC93DB3}.Debug|Any CPU.ActiveCfg = Debug|Any CPU
		{E6D0BD85-5CE4-45AF-8B45-94BDADC93DB3}.Debug|Any CPU.Build.0 = Debug|Any CPU
		{E6D0BD85-5CE4-45AF-8B45-94BDADC93DB3}.Debug|x64.ActiveCfg = Debug|Any CPU
		{E6D0BD85-5CE4-45AF-8B45-94BDADC93DB3}.Debug|x64.Build.0 = Debug|Any CPU
		{E6D0BD85-5CE4-45AF-8B45-94BDADC93DB3}.Debug|x86.ActiveCfg = Debug|Any CPU
		{E6D0BD85-5CE4-45AF-8B45-94BDADC93DB3}.Debug|x86.Build.0 = Debug|Any CPU
		{E6D0BD85-5CE4-45AF-8B45-94BDADC93DB3}.Release|Any CPU.ActiveCfg = Release|Any CPU
		{E6D0BD85-5CE4-45AF-8B45-94BDADC93DB3}.Release|Any CPU.Build.0 = Release|Any CPU
		{E6D0BD85-5CE4-45AF-8B45-94BDADC93DB3}.Release|x64.ActiveCfg = Release|Any CPU
		{E6D0BD85-5CE4-45AF-8B45-94BDADC93DB3}.Release|x64.Build.0 = Release|Any CPU
		{E6D0BD85-5CE4-45AF-8B45-94BDADC93DB3}.Release|x86.ActiveCfg = Release|Any CPU
		{E6D0BD85-5CE4-45AF-8B45-94BDADC93DB3}.Release|x86.Build.0 = Release|Any CPU
		{2C689E61-E83B-411B-B174-EDB3461DDAD2}.Debug|Any CPU.ActiveCfg = Debug|Any CPU
		{2C689E61-E83B-411B-B174-EDB3461DDAD2}.Debug|Any CPU.Build.0 = Debug|Any CPU
		{2C689E61-E83B-411B-B174-EDB3461DDAD2}.Debug|x64.ActiveCfg = Debug|Any CPU
		{2C689E61-E83B-411B-B174-EDB3461DDAD2}.Debug|x64.Build.0 = Debug|Any CPU
		{2C689E61-E83B-411B-B174-EDB3461DDAD2}.Debug|x86.ActiveCfg = Debug|Any CPU
		{2C689E61-E83B-411B-B174-EDB3461DDAD2}.Debug|x86.Build.0 = Debug|Any CPU
		{2C689E61-E83B-411B-B174-EDB3461DDAD2}.Release|Any CPU.ActiveCfg = Release|Any CPU
		{2C689E61-E83B-411B-B174-EDB3461DDAD2}.Release|Any CPU.Build.0 = Release|Any CPU
		{2C689E61-E83B-411B-B174-EDB3461DDAD2}.Release|x64.ActiveCfg = Release|Any CPU
		{2C689E61-E83B-411B-B174-EDB3461DDAD2}.Release|x64.Build.0 = Release|Any CPU
		{2C689E61-E83B-411B-B174-EDB3461DDAD2}.Release|x86.ActiveCfg = Release|Any CPU
		{2C689E61-E83B-411B-B174-EDB3461DDAD2}.Release|x86.Build.0 = Release|Any CPU
	EndGlobalSection
	GlobalSection(SolutionProperties) = preSolution
		HideSolutionNode = FALSE
	EndGlobalSection
	GlobalSection(NestedProjects) = preSolution
		{59118D6E-B978-4872-BDA2-0E9FA9F90EFE} = {827E0CD3-B72D-47B6-A68D-7590B98EB39B}
		{FD7966D1-5157-4C3B-ADC2-E48E4E60B720} = {827E0CD3-B72D-47B6-A68D-7590B98EB39B}
		{651079C2-2CB0-4298-85B3-0211B6915E3C} = {827E0CD3-B72D-47B6-A68D-7590B98EB39B}
		{8610B93B-5EAE-484E-8165-E2D796BC3666} = {827E0CD3-B72D-47B6-A68D-7590B98EB39B}
		{3DBDECD2-FA2F-4EF8-80CB-B41BA4C1125C} = {827E0CD3-B72D-47B6-A68D-7590B98EB39B}
		{A88DA771-3565-4709-ABB4-7DE190E6E1F6} = {827E0CD3-B72D-47B6-A68D-7590B98EB39B}
		{E6D0BD85-5CE4-45AF-8B45-94BDADC93DB3} = {827E0CD3-B72D-47B6-A68D-7590B98EB39B}
		{2C689E61-E83B-411B-B174-EDB3461DDAD2} = {0AB3BF05-4346-4AA6-1389-037BE0695223}
	EndGlobalSection
EndGlobal
